{
  "originHash" : "81f94826c12a4018cd5ae8eeb257c143e1cb8b022e82f677bd5ee3e6e6287139",
  "pins" : [
    {
      "identity" : "hudson",
      "kind" : "remoteSourceControl",
      "location" : "https://github.com/arach/hudson.git",
      "state" : {
        "revision" : "1cbe6e6ee1a35f46c65baf3c42bdf4066a7ae2c4"
      }
    },
    {
      "identity" : "swift-argument-parser",
      "kind" : "remoteSourceControl",
      "location" : "https://github.com/apple/swift-argument-parser.git",
      "state" : {
        "revision" : "6a52f3251125d74daf04fcbd5e6f08a75d074382",
        "version" : "1.8.2"
      }
    },
    {
      "identity" : "vox",
      "kind" : "remoteSourceControl",
      "location" : "https://github.com/arach/vox.git",
      "state" : {
        "branch" : "main",
        "revision" : "20f28ad3401fc8cd45b21f6603191a584a725054"
      }
    }
  ],
  "version" : 3
}
